
Microsoft Visual Studio Solution File, Format Version 12.00
# Visual Studio Version 17
VisualStudioVersion = 17.3.32811.315
MinimumVisualStudioVersion = 10.0.40219.1
Project("{FAE04EC0-301F-11D3-BF4B-00C04F79EFBC}") = "WebsitePublish", "WebsitePublish\WebsitePublish.csproj", "{D4F54587-3254-4CC1-B0B0-93250A78E2E2}"
EndProject
Global
	GlobalSection(SolutionConfigurationPlatforms) = preSolution
		Debug|Any CPU = Debug|Any CPU
		Release|Any CPU = Release|Any CPU
	EndGlobalSection
	GlobalSection(ProjectConfigurationPlatforms) = postSolution
		{D4F54587-3254-4CC1-B0B0-93250A78E2E2}.Debug|Any CPU.ActiveCfg = Debug|Any CPU
		{D4F54587-3254-4CC1-B0B0-93250A78E2E2}.Debug|Any CPU.Build.0 = Debug|Any CPU
		{D4F54587-3254-4CC1-B0B0-93250A78E2E2}.Release|Any CPU.ActiveCfg = Release|Any CPU
		{D4F54587-3254-4CC1-B0B0-93250A78E2E2}.Release|Any CPU.Build.0 = Release|Any CPU
	EndGlobalSection
	GlobalSection(SolutionProperties) = preSolution
		HideSolutionNode = FALSE
	EndGlobalSection
	GlobalSection(ExtensibilityGlobals) = postSolution
		SolutionGuid = {FFA62A7C-F063-4B57-928C-3F011FB36661}
	EndGlobalSection
EndGlobal
